
Microsoft Visual Studio Solution File, Format Version 12.00
# Visual Studio Version 17
VisualStudioVersion = 17.13.35828.75 d17.13
MinimumVisualStudioVersion = 10.0.40219.1
Project("{FAE04EC0-301F-11D3-BF4B-00C04F79EFBC}") = "WinForm3", "WinForm3\WinForm3.csproj", "{A22150DD-4D09-40BA-9BB6-44321628DBA9}"
EndProject
Global
	GlobalSection(SolutionConfigurationPlatforms) = preSolution
		Debug|Any CPU = Debug|Any CPU
		Release|Any CPU = Release|Any CPU
	EndGlobalSection
	GlobalSection(ProjectConfigurationPlatforms) = postSolution
		{A22150DD-4D09-40BA-9BB6-44321628DBA9}.Debug|Any CPU.ActiveCfg = Debug|Any CPU
		{A22150DD-4D09-40BA-9BB6-44321628DBA9}.Debug|Any CPU.Build.0 = Debug|Any CPU
		{A22150DD-4D09-40BA-9BB6-44321628DBA9}.Release|Any CPU.ActiveCfg = Release|Any CPU
		{A22150DD-4D09-40BA-9BB6-44321628DBA9}.Release|Any CPU.Build.0 = Release|Any CPU
	EndGlobalSection
	GlobalSection(SolutionProperties) = preSolution
		HideSolutionNode = FALSE
	EndGlobalSection
	GlobalSection(ExtensibilityGlobals) = postSolution
		SolutionGuid = {CD20DAE1-5080-40F9-868C-D72D0DFECFE6}
	EndGlobalSection
EndGlobal
